
Microsoft Visual Studio Solution File, Format Version 12.00
# Visual Studio Version 17
VisualStudioVersion = 17.8.34330.188
MinimumVisualStudioVersion = 10.0.40219.1
Project("{FAE04EC0-301F-11D3-BF4B-00C04F79EFBC}") = "bot6", "bot6.csproj", "{30782438-31D5-49A7-9ABE-968E9FAAA0DD}"
EndProject
Global
	GlobalSection(SolutionConfigurationPlatforms) = preSolution
		Debug|Any CPU = Debug|Any CPU
		Release|Any CPU = Release|Any CPU
	EndGlobalSection
	GlobalSection(ProjectConfigurationPlatforms) = postSolution
		{30782438-31D5-49A7-9ABE-968E9FAAA0DD}.Debug|Any CPU.ActiveCfg = Debug|Any CPU
		{30782438-31D5-49A7-9ABE-968E9FAAA0DD}.Debug|Any CPU.Build.0 = Debug|Any CPU
		{30782438-31D5-49A7-9ABE-968E9FAAA0DD}.Release|Any CPU.ActiveCfg = Release|Any CPU
		{30782438-31D5-49A7-9ABE-968E9FAAA0DD}.Release|Any CPU.Build.0 = Release|Any CPU
	EndGlobalSection
	GlobalSection(SolutionProperties) = preSolution
		HideSolutionNode = FALSE
	EndGlobalSection
	GlobalSection(ExtensibilityGlobals) = postSolution
		SolutionGuid = {C284106F-AF1B-43E5-BBB0-28FD29A5C2DA}
	EndGlobalSection
EndGlobal
