
Microsoft Visual Studio Solution File, Format Version 12.00
# Visual Studio Version 17
VisualStudioVersion = 17.8.34330.188
MinimumVisualStudioVersion = 10.0.40219.1
Project("{9A19103F-16F7-4668-BE54-9A1E7A4F7556}") = "bot6", "bot6.csproj", "{30782438-31D5-49A7-9ABE-968E9FAAA0DD}"
EndProject
Project("{9A19103F-16F7-4668-BE54-9A1E7A4F7556}") = "CoinsLoader", "..\CoinsLoader\CoinsLoader.csproj", "{88FFC008-85D3-4B4A-B395-D09A04B9DE3D}"
EndProject
Project("{9A19103F-16F7-4668-BE54-9A1E7A4F7556}") = "CaDb", "..\CaDb\CaDb.csproj", "{6BDB42A8-21AF-4C74-940D-5A4CAEB3F9FA}"
EndProject
Project("{9A19103F-16F7-4668-BE54-9A1E7A4F7556}") = "CaSecrets", "..\CaSecrets\CaSecrets.csproj", "{6D531E33-ABFB-4103-988E-0B5A38B3CEB5}"
EndProject
Global
	GlobalSection(SolutionConfigurationPlatforms) = preSolution
		Debug|Any CPU = Debug|Any CPU
		Release|Any CPU = Release|Any CPU
	EndGlobalSection
	GlobalSection(ProjectConfigurationPlatforms) = postSolution
		{30782438-31D5-49A7-9ABE-968E9FAAA0DD}.Debug|Any CPU.ActiveCfg = Debug|Any CPU
		{30782438-31D5-49A7-9ABE-968E9FAAA0DD}.Debug|Any CPU.Build.0 = Debug|Any CPU
		{30782438-31D5-49A7-9ABE-968E9FAAA0DD}.Release|Any CPU.ActiveCfg = Release|Any CPU
		{30782438-31D5-49A7-9ABE-968E9FAAA0DD}.Release|Any CPU.Build.0 = Release|Any CPU
		{88FFC008-85D3-4B4A-B395-D09A04B9DE3D}.Debug|Any CPU.ActiveCfg = Debug|Any CPU
		{88FFC008-85D3-4B4A-B395-D09A04B9DE3D}.Debug|Any CPU.Build.0 = Debug|Any CPU
		{88FFC008-85D3-4B4A-B395-D09A04B9DE3D}.Release|Any CPU.ActiveCfg = Release|Any CPU
		{88FFC008-85D3-4B4A-B395-D09A04B9DE3D}.Release|Any CPU.Build.0 = Release|Any CPU
		{6BDB42A8-21AF-4C74-940D-5A4CAEB3F9FA}.Debug|Any CPU.ActiveCfg = Debug|Any CPU
		{6BDB42A8-21AF-4C74-940D-5A4CAEB3F9FA}.Debug|Any CPU.Build.0 = Debug|Any CPU
		{6BDB42A8-21AF-4C74-940D-5A4CAEB3F9FA}.Release|Any CPU.ActiveCfg = Release|Any CPU
		{6BDB42A8-21AF-4C74-940D-5A4CAEB3F9FA}.Release|Any CPU.Build.0 = Release|Any CPU
		{6D531E33-ABFB-4103-988E-0B5A38B3CEB5}.Debug|Any CPU.ActiveCfg = Debug|Any CPU
		{6D531E33-ABFB-4103-988E-0B5A38B3CEB5}.Debug|Any CPU.Build.0 = Debug|Any CPU
		{6D531E33-ABFB-4103-988E-0B5A38B3CEB5}.Release|Any CPU.ActiveCfg = Release|Any CPU
		{6D531E33-ABFB-4103-988E-0B5A38B3CEB5}.Release|Any CPU.Build.0 = Release|Any CPU
	EndGlobalSection
	GlobalSection(SolutionProperties) = preSolution
		HideSolutionNode = FALSE
	EndGlobalSection
	GlobalSection(ExtensibilityGlobals) = postSolution
		SolutionGuid = {C284106F-AF1B-43E5-BBB0-28FD29A5C2DA}
	EndGlobalSection
EndGlobal
