
Microsoft Visual Studio Solution File, Format Version 12.00
# Visual Studio Version 17
VisualStudioVersion = 17.7.34003.232
MinimumVisualStudioVersion = 10.0.40219.1
Project("{9A19103F-16F7-4668-BE54-9A1E7A4F7556}") = "bot5", "bot5.csproj", "{4C8719D4-56EF-40AF-A588-0974803EFE1D}"
EndProject
Project("{9A19103F-16F7-4668-BE54-9A1E7A4F7556}") = "CaDb", "..\CaDb\CaDb.csproj", "{012BFB05-8B96-445B-BE87-172BD9195650}"
EndProject
Project("{9A19103F-16F7-4668-BE54-9A1E7A4F7556}") = "CaSecrets", "..\CaSecrets\CaSecrets.csproj", "{84F213E1-9B8B-4691-B309-748288C50818}"
EndProject
Project("{9A19103F-16F7-4668-BE54-9A1E7A4F7556}") = "CaExch", "..\CaExch\CaExch.csproj", "{1EDAA096-E91D-4409-B5D5-CE93926D2787}"
EndProject
Project("{9A19103F-16F7-4668-BE54-9A1E7A4F7556}") = "CaIndy", "..\CaIndex\CaIndy.csproj", "{118820E2-7A1B-4F01-BC6D-D3FDDD0FCE00}"
EndProject
Project("{9A19103F-16F7-4668-BE54-9A1E7A4F7556}") = "amLogger", "..\amLogger\amLogger.csproj", "{AD0E6C5E-41D0-4739-B72D-EF36FED7CAF9}"
EndProject
Global
	GlobalSection(SolutionConfigurationPlatforms) = preSolution
		Debug|Any CPU = Debug|Any CPU
		Release|Any CPU = Release|Any CPU
	EndGlobalSection
	GlobalSection(ProjectConfigurationPlatforms) = postSolution
		{4C8719D4-56EF-40AF-A588-0974803EFE1D}.Debug|Any CPU.ActiveCfg = Debug|Any CPU
		{4C8719D4-56EF-40AF-A588-0974803EFE1D}.Debug|Any CPU.Build.0 = Debug|Any CPU
		{4C8719D4-56EF-40AF-A588-0974803EFE1D}.Release|Any CPU.ActiveCfg = Release|Any CPU
		{4C8719D4-56EF-40AF-A588-0974803EFE1D}.Release|Any CPU.Build.0 = Release|Any CPU
		{012BFB05-8B96-445B-BE87-172BD9195650}.Debug|Any CPU.ActiveCfg = Debug|Any CPU
		{012BFB05-8B96-445B-BE87-172BD9195650}.Debug|Any CPU.Build.0 = Debug|Any CPU
		{012BFB05-8B96-445B-BE87-172BD9195650}.Release|Any CPU.ActiveCfg = Release|Any CPU
		{012BFB05-8B96-445B-BE87-172BD9195650}.Release|Any CPU.Build.0 = Release|Any CPU
		{84F213E1-9B8B-4691-B309-748288C50818}.Debug|Any CPU.ActiveCfg = Debug|Any CPU
		{84F213E1-9B8B-4691-B309-748288C50818}.Debug|Any CPU.Build.0 = Debug|Any CPU
		{84F213E1-9B8B-4691-B309-748288C50818}.Release|Any CPU.ActiveCfg = Release|Any CPU
		{84F213E1-9B8B-4691-B309-748288C50818}.Release|Any CPU.Build.0 = Release|Any CPU
		{1EDAA096-E91D-4409-B5D5-CE93926D2787}.Debug|Any CPU.ActiveCfg = Debug|Any CPU
		{1EDAA096-E91D-4409-B5D5-CE93926D2787}.Debug|Any CPU.Build.0 = Debug|Any CPU
		{1EDAA096-E91D-4409-B5D5-CE93926D2787}.Release|Any CPU.ActiveCfg = Release|Any CPU
		{1EDAA096-E91D-4409-B5D5-CE93926D2787}.Release|Any CPU.Build.0 = Release|Any CPU
		{118820E2-7A1B-4F01-BC6D-D3FDDD0FCE00}.Debug|Any CPU.ActiveCfg = Debug|Any CPU
		{118820E2-7A1B-4F01-BC6D-D3FDDD0FCE00}.Debug|Any CPU.Build.0 = Debug|Any CPU
		{118820E2-7A1B-4F01-BC6D-D3FDDD0FCE00}.Release|Any CPU.ActiveCfg = Release|Any CPU
		{118820E2-7A1B-4F01-BC6D-D3FDDD0FCE00}.Release|Any CPU.Build.0 = Release|Any CPU
		{AD0E6C5E-41D0-4739-B72D-EF36FED7CAF9}.Debug|Any CPU.ActiveCfg = Debug|Any CPU
		{AD0E6C5E-41D0-4739-B72D-EF36FED7CAF9}.Debug|Any CPU.Build.0 = Debug|Any CPU
		{AD0E6C5E-41D0-4739-B72D-EF36FED7CAF9}.Release|Any CPU.ActiveCfg = Release|Any CPU
		{AD0E6C5E-41D0-4739-B72D-EF36FED7CAF9}.Release|Any CPU.Build.0 = Release|Any CPU
	EndGlobalSection
	GlobalSection(SolutionProperties) = preSolution
		HideSolutionNode = FALSE
	EndGlobalSection
	GlobalSection(ExtensibilityGlobals) = postSolution
		SolutionGuid = {733A8A0E-0E89-4929-B0E9-E2829C6B30AE}
	EndGlobalSection
EndGlobal
